
Microsoft Visual Studio Solution File, Format Version 12.00
# Visual Studio Version 17
VisualStudioVersion = 17.3.32901.215
MinimumVisualStudioVersion = 10.0.40219.1
Project("{FAE04EC0-301F-11D3-BF4B-00C04F79EFBC}") = "01.Square Root", "01.Square Root\01.Square Root.csproj", "{D7555022-2569-4353-A3CD-C4F7FA545F21}"
EndProject
Global
	GlobalSection(SolutionConfigurationPlatforms) = preSolution
		Debug|Any CPU = Debug|Any CPU
		Release|Any CPU = Release|Any CPU
	EndGlobalSection
	GlobalSection(ProjectConfigurationPlatforms) = postSolution
		{D7555022-2569-4353-A3CD-C4F7FA545F21}.Debug|Any CPU.ActiveCfg = Debug|Any CPU
		{D7555022-2569-4353-A3CD-C4F7FA545F21}.Debug|Any CPU.Build.0 = Debug|Any CPU
		{D7555022-2569-4353-A3CD-C4F7FA545F21}.Release|Any CPU.ActiveCfg = Release|Any CPU
		{D7555022-2569-4353-A3CD-C4F7FA545F21}.Release|Any CPU.Build.0 = Release|Any CPU
	EndGlobalSection
	GlobalSection(SolutionProperties) = preSolution
		HideSolutionNode = FALSE
	EndGlobalSection
	GlobalSection(ExtensibilityGlobals) = postSolution
		SolutionGuid = {D02DD9CC-636C-40AE-B6C0-1E062F5E9163}
	EndGlobalSection
EndGlobal
