
Microsoft Visual Studio Solution File, Format Version 12.00
# Visual Studio Version 17
VisualStudioVersion = 17.3.32901.215
MinimumVisualStudioVersion = 10.0.40219.1
Project("{FAE04EC0-301F-11D3-BF4B-00C04F79EFBC}") = "PersonInfo", "PersonInfo\PersonInfo.csproj", "{79ABE6C0-5E01-44E5-A93F-49F6FA98E9F5}"
EndProject
Global
	GlobalSection(SolutionConfigurationPlatforms) = preSolution
		Debug|Any CPU = Debug|Any CPU
		Release|Any CPU = Release|Any CPU
	EndGlobalSection
	GlobalSection(ProjectConfigurationPlatforms) = postSolution
		{79ABE6C0-5E01-44E5-A93F-49F6FA98E9F5}.Debug|Any CPU.ActiveCfg = Debug|Any CPU
		{79ABE6C0-5E01-44E5-A93F-49F6FA98E9F5}.Debug|Any CPU.Build.0 = Debug|Any CPU
		{79ABE6C0-5E01-44E5-A93F-49F6FA98E9F5}.Release|Any CPU.ActiveCfg = Release|Any CPU
		{79ABE6C0-5E01-44E5-A93F-49F6FA98E9F5}.Release|Any CPU.Build.0 = Release|Any CPU
	EndGlobalSection
	GlobalSection(SolutionProperties) = preSolution
		HideSolutionNode = FALSE
	EndGlobalSection
	GlobalSection(ExtensibilityGlobals) = postSolution
		SolutionGuid = {16A3CB7A-6330-400F-BD65-08F6AFB84476}
	EndGlobalSection
EndGlobal
