
Microsoft Visual Studio Solution File, Format Version 12.00
# Visual Studio Version 17
VisualStudioVersion = 17.4.33103.184
MinimumVisualStudioVersion = 10.0.40219.1
Project("{9A19103F-16F7-4668-BE54-9A1E7A4F7556}") = "Logger", "Logger\Logger.csproj", "{00129B3E-F09C-42DB-8D83-3474DCF436A8}"
EndProject
Project("{FAE04EC0-301F-11D3-BF4B-00C04F79EFBC}") = "Logger.Core", "Logger.Core\Logger.Core.csproj", "{573CF150-DE8C-4351-88D5-782D26DD8A37}"
EndProject
Global
	GlobalSection(SolutionConfigurationPlatforms) = preSolution
		Debug|Any CPU = Debug|Any CPU
		Release|Any CPU = Release|Any CPU
	EndGlobalSection
	GlobalSection(ProjectConfigurationPlatforms) = postSolution
		{00129B3E-F09C-42DB-8D83-3474DCF436A8}.Debug|Any CPU.ActiveCfg = Debug|Any CPU
		{00129B3E-F09C-42DB-8D83-3474DCF436A8}.Debug|Any CPU.Build.0 = Debug|Any CPU
		{00129B3E-F09C-42DB-8D83-3474DCF436A8}.Release|Any CPU.ActiveCfg = Release|Any CPU
		{00129B3E-F09C-42DB-8D83-3474DCF436A8}.Release|Any CPU.Build.0 = Release|Any CPU
		{573CF150-DE8C-4351-88D5-782D26DD8A37}.Debug|Any CPU.ActiveCfg = Debug|Any CPU
		{573CF150-DE8C-4351-88D5-782D26DD8A37}.Debug|Any CPU.Build.0 = Debug|Any CPU
		{573CF150-DE8C-4351-88D5-782D26DD8A37}.Release|Any CPU.ActiveCfg = Release|Any CPU
		{573CF150-DE8C-4351-88D5-782D26DD8A37}.Release|Any CPU.Build.0 = Release|Any CPU
	EndGlobalSection
	GlobalSection(SolutionProperties) = preSolution
		HideSolutionNode = FALSE
	EndGlobalSection
	GlobalSection(ExtensibilityGlobals) = postSolution
		SolutionGuid = {27A6DCE5-A220-456B-9805-B907EE57CAC5}
	EndGlobalSection
EndGlobal
