
Microsoft Visual Studio Solution File, Format Version 12.00
# Visual Studio Version 17
VisualStudioVersion = 17.4.33122.133
MinimumVisualStudioVersion = 10.0.40219.1
Project("{FAE04EC0-301F-11D3-BF4B-00C04F79EFBC}") = "Singleton", "Singleton\Singleton.csproj", "{35701DBC-8588-4806-8009-CFE39BBCF2CA}"
EndProject
Project("{FAE04EC0-301F-11D3-BF4B-00C04F79EFBC}") = "Facade", "Facade\Facade.csproj", "{16EF7E18-66CD-4B8E-AC69-728A657241BF}"
EndProject
Project("{FAE04EC0-301F-11D3-BF4B-00C04F79EFBC}") = "Command Pattern", "Command Pattern\Command Pattern.csproj", "{ABB5B7CF-4FF7-4F3F-8A97-86EE4E7B1C9D}"
EndProject
Global
	GlobalSection(SolutionConfigurationPlatforms) = preSolution
		Debug|Any CPU = Debug|Any CPU
		Release|Any CPU = Release|Any CPU
	EndGlobalSection
	GlobalSection(ProjectConfigurationPlatforms) = postSolution
		{35701DBC-8588-4806-8009-CFE39BBCF2CA}.Debug|Any CPU.ActiveCfg = Debug|Any CPU
		{35701DBC-8588-4806-8009-CFE39BBCF2CA}.Debug|Any CPU.Build.0 = Debug|Any CPU
		{35701DBC-8588-4806-8009-CFE39BBCF2CA}.Release|Any CPU.ActiveCfg = Release|Any CPU
		{35701DBC-8588-4806-8009-CFE39BBCF2CA}.Release|Any CPU.Build.0 = Release|Any CPU
		{16EF7E18-66CD-4B8E-AC69-728A657241BF}.Debug|Any CPU.ActiveCfg = Debug|Any CPU
		{16EF7E18-66CD-4B8E-AC69-728A657241BF}.Debug|Any CPU.Build.0 = Debug|Any CPU
		{16EF7E18-66CD-4B8E-AC69-728A657241BF}.Release|Any CPU.ActiveCfg = Release|Any CPU
		{16EF7E18-66CD-4B8E-AC69-728A657241BF}.Release|Any CPU.Build.0 = Release|Any CPU
		{ABB5B7CF-4FF7-4F3F-8A97-86EE4E7B1C9D}.Debug|Any CPU.ActiveCfg = Debug|Any CPU
		{ABB5B7CF-4FF7-4F3F-8A97-86EE4E7B1C9D}.Debug|Any CPU.Build.0 = Debug|Any CPU
		{ABB5B7CF-4FF7-4F3F-8A97-86EE4E7B1C9D}.Release|Any CPU.ActiveCfg = Release|Any CPU
		{ABB5B7CF-4FF7-4F3F-8A97-86EE4E7B1C9D}.Release|Any CPU.Build.0 = Release|Any CPU
	EndGlobalSection
	GlobalSection(SolutionProperties) = preSolution
		HideSolutionNode = FALSE
	EndGlobalSection
	GlobalSection(ExtensibilityGlobals) = postSolution
		SolutionGuid = {9131E22B-344A-4A66-BCFD-DEE118F9E4C8}
	EndGlobalSection
EndGlobal
